
Microsoft Visual Studio Solution File, Format Version 12.00
# Visual Studio Version 17
VisualStudioVersion = 17.2.32516.85
MinimumVisualStudioVersion = 10.0.40219.1
Project("{FAE04EC0-301F-11D3-BF4B-00C04F79EFBC}") = "ecommerceApi", "ecommerceApi.csproj", "{EF06A5E1-6F8F-4F81-AACB-06EAAFC7357B}"
EndProject
Global
	GlobalSection(SolutionConfigurationPlatforms) = preSolution
		Debug|Any CPU = Debug|Any CPU
		Release|Any CPU = Release|Any CPU
	EndGlobalSection
	GlobalSection(ProjectConfigurationPlatforms) = postSolution
		{EF06A5E1-6F8F-4F81-AACB-06EAAFC7357B}.Debug|Any CPU.ActiveCfg = Debug|Any CPU
		{EF06A5E1-6F8F-4F81-AACB-06EAAFC7357B}.Debug|Any CPU.Build.0 = Debug|Any CPU
		{EF06A5E1-6F8F-4F81-AACB-06EAAFC7357B}.Release|Any CPU.ActiveCfg = Release|Any CPU
		{EF06A5E1-6F8F-4F81-AACB-06EAAFC7357B}.Release|Any CPU.Build.0 = Release|Any CPU
	EndGlobalSection
	GlobalSection(SolutionProperties) = preSolution
		HideSolutionNode = FALSE
	EndGlobalSection
	GlobalSection(ExtensibilityGlobals) = postSolution
		SolutionGuid = {071AC9FE-FA42-404E-ACFF-6DA17E2582D9}
	EndGlobalSection
EndGlobal
